
Microsoft Visual Studio Solution File, Format Version 12.00
# Visual Studio 14
VisualStudioVersion = 14.0.25420.1
MinimumVisualStudioVersion = 10.0.40219.1
Project("{FAE04EC0-301F-11D3-BF4B-00C04F79EFBC}") = "PdfViewerSample.Android", "PdfViewerSample\PdfViewerSample.Android\PdfViewerSample.Android.csproj", "{00C80BF1-BC30-4C82-884A-721A5AE60270}"
EndProject
Project("{FAE04EC0-301F-11D3-BF4B-00C04F79EFBC}") = "PdfViewerSample", "PdfViewerSample\PdfViewerSample\PdfViewerSample.csproj", "{DEE94384-4EEA-4CB6-BC7E-9F35FB2F82A6}"
EndProject
Project("{FAE04EC0-301F-11D3-BF4B-00C04F79EFBC}") = "PdfViewerSample.UWP", "PdfViewerSample\PdfViewerSample.UWP\PdfViewerSample.UWP.csproj", "{E5242406-0F18-41E1-A361-3FF55C5465D8}"
EndProject
Project("{FAE04EC0-301F-11D3-BF4B-00C04F79EFBC}") = "PdfViewerSample.iOS", "PdfViewerSample\PdfViewerSample.iOS\PdfViewerSample.iOS.csproj", "{AE71CBD1-7847-457E-BFB3-7FE65AE764A3}"
EndProject
Global
	GlobalSection(SolutionConfigurationPlatforms) = preSolution
		Ad-Hoc|Any CPU = Ad-Hoc|Any CPU
		Ad-Hoc|ARM = Ad-Hoc|ARM
		Ad-Hoc|iPhone = Ad-Hoc|iPhone
		Ad-Hoc|iPhoneSimulator = Ad-Hoc|iPhoneSimulator
		Ad-Hoc|x64 = Ad-Hoc|x64
		Ad-Hoc|x86 = Ad-Hoc|x86
		AppStore|Any CPU = AppStore|Any CPU
		AppStore|ARM = AppStore|ARM
		AppStore|iPhone = AppStore|iPhone
		AppStore|iPhoneSimulator = AppStore|iPhoneSimulator
		AppStore|x64 = AppStore|x64
		AppStore|x86 = AppStore|x86
		Debug|Any CPU = Debug|Any CPU
		Debug|ARM = Debug|ARM
		Debug|iPhone = Debug|iPhone
		Debug|iPhoneSimulator = Debug|iPhoneSimulator
		Debug|x64 = Debug|x64
		Debug|x86 = Debug|x86
		Release|Any CPU = Release|Any CPU
		Release|ARM = Release|ARM
		Release|iPhone = Release|iPhone
		Release|iPhoneSimulator = Release|iPhoneSimulator
		Release|x64 = Release|x64
		Release|x86 = Release|x86
	EndGlobalSection
	GlobalSection(ProjectConfigurationPlatforms) = postSolution
		{00C80BF1-BC30-4C82-884A-721A5AE60270}.Ad-Hoc|Any CPU.ActiveCfg = Release|Any CPU
		{00C80BF1-BC30-4C82-884A-721A5AE60270}.Ad-Hoc|Any CPU.Build.0 = Release|Any CPU
		{00C80BF1-BC30-4C82-884A-721A5AE60270}.Ad-Hoc|Any CPU.Deploy.0 = Release|Any CPU
		{00C80BF1-BC30-4C82-884A-721A5AE60270}.Ad-Hoc|ARM.ActiveCfg = Release|Any CPU
		{00C80BF1-BC30-4C82-884A-721A5AE60270}.Ad-Hoc|ARM.Build.0 = Release|Any CPU
		{00C80BF1-BC30-4C82-884A-721A5AE60270}.Ad-Hoc|ARM.Deploy.0 = Release|Any CPU
		{00C80BF1-BC30-4C82-884A-721A5AE60270}.Ad-Hoc|iPhone.ActiveCfg = Release|Any CPU
		{00C80BF1-BC30-4C82-884A-721A5AE60270}.Ad-Hoc|iPhone.Build.0 = Release|Any CPU
		{00C80BF1-BC30-4C82-884A-721A5AE60270}.Ad-Hoc|iPhone.Deploy.0 = Release|Any CPU
		{00C80BF1-BC30-4C82-884A-721A5AE60270}.Ad-Hoc|iPhoneSimulator.ActiveCfg = Release|Any CPU
		{00C80BF1-BC30-4C82-884A-721A5AE60270}.Ad-Hoc|iPhoneSimulator.Build.0 = Release|Any CPU
		{00C80BF1-BC30-4C82-884A-721A5AE60270}.Ad-Hoc|iPhoneSimulator.Deploy.0 = Release|Any CPU
		{00C80BF1-BC30-4C82-884A-721A5AE60270}.Ad-Hoc|x64.ActiveCfg = Release|Any CPU
		{00C80BF1-BC30-4C82-884A-721A5AE60270}.Ad-Hoc|x64.Build.0 = Release|Any CPU
		{00C80BF1-BC30-4C82-884A-721A5AE60270}.Ad-Hoc|x64.Deploy.0 = Release|Any CPU
		{00C80BF1-BC30-4C82-884A-721A5AE60270}.Ad-Hoc|x86.ActiveCfg = Release|Any CPU
		{00C80BF1-BC30-4C82-884A-721A5AE60270}.Ad-Hoc|x86.Build.0 = Release|Any CPU
		{00C80BF1-BC30-4C82-884A-721A5AE60270}.Ad-Hoc|x86.Deploy.0 = Release|Any CPU
		{00C80BF1-BC30-4C82-884A-721A5AE60270}.AppStore|Any CPU.ActiveCfg = Release|Any CPU
		{00C80BF1-BC30-4C82-884A-721A5AE60270}.AppStore|Any CPU.Build.0 = Release|Any CPU
		{00C80BF1-BC30-4C82-884A-721A5AE60270}.AppStore|Any CPU.Deploy.0 = Release|Any CPU
		{00C80BF1-BC30-4C82-884A-721A5AE60270}.AppStore|ARM.ActiveCfg = Release|Any CPU
		{00C80BF1-BC30-4C82-884A-721A5AE60270}.AppStore|ARM.Build.0 = Release|Any CPU
		{00C80BF1-BC30-4C82-884A-721A5AE60270}.AppStore|ARM.Deploy.0 = Release|Any CPU
		{00C80BF1-BC30-4C82-884A-721A5AE60270}.AppStore|iPhone.ActiveCfg = Release|Any CPU
		{00C80BF1-BC30-4C82-884A-721A5AE60270}.AppStore|iPhone.Build.0 = Release|Any CPU
		{00C80BF1-BC30-4C82-884A-721A5AE60270}.AppStore|iPhone.Deploy.0 = Release|Any CPU
		{00C80BF1-BC30-4C82-884A-721A5AE60270}.AppStore|iPhoneSimulator.ActiveCfg = Release|Any CPU
		{00C80BF1-BC30-4C82-884A-721A5AE60270}.AppStore|iPhoneSimulator.Build.0 = Release|Any CPU
		{00C80BF1-BC30-4C82-884A-721A5AE60270}.AppStore|iPhoneSimulator.Deploy.0 = Release|Any CPU
		{00C80BF1-BC30-4C82-884A-721A5AE60270}.AppStore|x64.ActiveCfg = Release|Any CPU
		{00C80BF1-BC30-4C82-884A-721A5AE60270}.AppStore|x64.Build.0 = Release|Any CPU
		{00C80BF1-BC30-4C82-884A-721A5AE60270}.AppStore|x64.Deploy.0 = Release|Any CPU
		{00C80BF1-BC30-4C82-884A-721A5AE60270}.AppStore|x86.ActiveCfg = Release|Any CPU
		{00C80BF1-BC30-4C82-884A-721A5AE60270}.AppStore|x86.Build.0 = Release|Any CPU
		{00C80BF1-BC30-4C82-884A-721A5AE60270}.AppStore|x86.Deploy.0 = Release|Any CPU
		{00C80BF1-BC30-4C82-884A-721A5AE60270}.Debug|Any CPU.ActiveCfg = Debug|Any CPU
		{00C80BF1-BC30-4C82-884A-721A5AE60270}.Debug|Any CPU.Build.0 = Debug|Any CPU
		{00C80BF1-BC30-4C82-884A-721A5AE60270}.Debug|Any CPU.Deploy.0 = Debug|Any CPU
		{00C80BF1-BC30-4C82-884A-721A5AE60270}.Debug|ARM.ActiveCfg = Debug|Any CPU
		{00C80BF1-BC30-4C82-884A-721A5AE60270}.Debug|ARM.Build.0 = Debug|Any CPU
		{00C80BF1-BC30-4C82-884A-721A5AE60270}.Debug|ARM.Deploy.0 = Debug|Any CPU
		{00C80BF1-BC30-4C82-884A-721A5AE60270}.Debug|iPhone.ActiveCfg = Debug|Any CPU
		{00C80BF1-BC30-4C82-884A-721A5AE60270}.Debug|iPhone.Build.0 = Debug|Any CPU
		{00C80BF1-BC30-4C82-884A-721A5AE60270}.Debug|iPhone.Deploy.0 = Debug|Any CPU
		{00C80BF1-BC30-4C82-884A-721A5AE60270}.Debug|iPhoneSimulator.ActiveCfg = Debug|Any CPU
		{00C80BF1-BC30-4C82-884A-721A5AE60270}.Debug|iPhoneSimulator.Build.0 = Debug|Any CPU
		{00C80BF1-BC30-4C82-884A-721A5AE60270}.Debug|iPhoneSimulator.Deploy.0 = Debug|Any CPU
		{00C80BF1-BC30-4C82-884A-721A5AE60270}.Debug|x64.ActiveCfg = Debug|Any CPU
		{00C80BF1-BC30-4C82-884A-721A5AE60270}.Debug|x64.Build.0 = Debug|Any CPU
		{00C80BF1-BC30-4C82-884A-721A5AE60270}.Debug|x64.Deploy.0 = Debug|Any CPU
		{00C80BF1-BC30-4C82-884A-721A5AE60270}.Debug|x86.ActiveCfg = Debug|Any CPU
		{00C80BF1-BC30-4C82-884A-721A5AE60270}.Debug|x86.Build.0 = Debug|Any CPU
		{00C80BF1-BC30-4C82-884A-721A5AE60270}.Debug|x86.Deploy.0 = Debug|Any CPU
		{00C80BF1-BC30-4C82-884A-721A5AE60270}.Release|Any CPU.ActiveCfg = Release|Any CPU
		{00C80BF1-BC30-4C82-884A-721A5AE60270}.Release|Any CPU.Build.0 = Release|Any CPU
		{00C80BF1-BC30-4C82-884A-721A5AE60270}.Release|Any CPU.Deploy.0 = Release|Any CPU
		{00C80BF1-BC30-4C82-884A-721A5AE60270}.Release|ARM.ActiveCfg = Release|Any CPU
		{00C80BF1-BC30-4C82-884A-721A5AE60270}.Release|ARM.Build.0 = Release|Any CPU
		{00C80BF1-BC30-4C82-884A-721A5AE60270}.Release|ARM.Deploy.0 = Release|Any CPU
		{00C80BF1-BC30-4C82-884A-721A5AE60270}.Release|iPhone.ActiveCfg = Release|Any CPU
		{00C80BF1-BC30-4C82-884A-721A5AE60270}.Release|iPhone.Build.0 = Release|Any CPU
		{00C80BF1-BC30-4C82-884A-721A5AE60270}.Release|iPhone.Deploy.0 = Release|Any CPU
		{00C80BF1-BC30-4C82-884A-721A5AE60270}.Release|iPhoneSimulator.ActiveCfg = Release|Any CPU
		{00C80BF1-BC30-4C82-884A-721A5AE60270}.Release|iPhoneSimulator.Build.0 = Release|Any CPU
		{00C80BF1-BC30-4C82-884A-721A5AE60270}.Release|iPhoneSimulator.Deploy.0 = Release|Any CPU
		{00C80BF1-BC30-4C82-884A-721A5AE60270}.Release|x64.ActiveCfg = Release|Any CPU
		{00C80BF1-BC30-4C82-884A-721A5AE60270}.Release|x64.Build.0 = Release|Any CPU
		{00C80BF1-BC30-4C82-884A-721A5AE60270}.Release|x64.Deploy.0 = Release|Any CPU
		{00C80BF1-BC30-4C82-884A-721A5AE60270}.Release|x86.ActiveCfg = Release|Any CPU
		{00C80BF1-BC30-4C82-884A-721A5AE60270}.Release|x86.Build.0 = Release|Any CPU
		{00C80BF1-BC30-4C82-884A-721A5AE60270}.Release|x86.Deploy.0 = Release|Any CPU
		{DEE94384-4EEA-4CB6-BC7E-9F35FB2F82A6}.Ad-Hoc|Any CPU.ActiveCfg = Release|Any CPU
		{DEE94384-4EEA-4CB6-BC7E-9F35FB2F82A6}.Ad-Hoc|Any CPU.Build.0 = Release|Any CPU
		{DEE94384-4EEA-4CB6-BC7E-9F35FB2F82A6}.Ad-Hoc|ARM.ActiveCfg = Release|Any CPU
		{DEE94384-4EEA-4CB6-BC7E-9F35FB2F82A6}.Ad-Hoc|ARM.Build.0 = Release|Any CPU
		{DEE94384-4EEA-4CB6-BC7E-9F35FB2F82A6}.Ad-Hoc|iPhone.ActiveCfg = Release|Any CPU
		{DEE94384-4EEA-4CB6-BC7E-9F35FB2F82A6}.Ad-Hoc|iPhone.Build.0 = Release|Any CPU
		{DEE94384-4EEA-4CB6-BC7E-9F35FB2F82A6}.Ad-Hoc|iPhoneSimulator.ActiveCfg = Release|Any CPU
		{DEE94384-4EEA-4CB6-BC7E-9F35FB2F82A6}.Ad-Hoc|iPhoneSimulator.Build.0 = Release|Any CPU
		{DEE94384-4EEA-4CB6-BC7E-9F35FB2F82A6}.Ad-Hoc|x64.ActiveCfg = Release|Any CPU
		{DEE94384-4EEA-4CB6-BC7E-9F35FB2F82A6}.Ad-Hoc|x64.Build.0 = Release|Any CPU
		{DEE94384-4EEA-4CB6-BC7E-9F35FB2F82A6}.Ad-Hoc|x86.ActiveCfg = Release|Any CPU
		{DEE94384-4EEA-4CB6-BC7E-9F35FB2F82A6}.Ad-Hoc|x86.Build.0 = Release|Any CPU
		{DEE94384-4EEA-4CB6-BC7E-9F35FB2F82A6}.AppStore|Any CPU.ActiveCfg = Release|Any CPU
		{DEE94384-4EEA-4CB6-BC7E-9F35FB2F82A6}.AppStore|Any CPU.Build.0 = Release|Any CPU
		{DEE94384-4EEA-4CB6-BC7E-9F35FB2F82A6}.AppStore|ARM.ActiveCfg = Release|Any CPU
		{DEE94384-4EEA-4CB6-BC7E-9F35FB2F82A6}.AppStore|ARM.Build.0 = Release|Any CPU
		{DEE94384-4EEA-4CB6-BC7E-9F35FB2F82A6}.AppStore|iPhone.ActiveCfg = Release|Any CPU
		{DEE94384-4EEA-4CB6-BC7E-9F35FB2F82A6}.AppStore|iPhone.Build.0 = Release|Any CPU
		{DEE94384-4EEA-4CB6-BC7E-9F35FB2F82A6}.AppStore|iPhoneSimulator.ActiveCfg = Release|Any CPU
		{DEE94384-4EEA-4CB6-BC7E-9F35FB2F82A6}.AppStore|iPhoneSimulator.Build.0 = Release|Any CPU
		{DEE94384-4EEA-4CB6-BC7E-9F35FB2F82A6}.AppStore|x64.ActiveCfg = Release|Any CPU
		{DEE94384-4EEA-4CB6-BC7E-9F35FB2F82A6}.AppStore|x64.Build.0 = Release|Any CPU
		{DEE94384-4EEA-4CB6-BC7E-9F35FB2F82A6}.AppStore|x86.ActiveCfg = Release|Any CPU
		{DEE94384-4EEA-4CB6-BC7E-9F35FB2F82A6}.AppStore|x86.Build.0 = Release|Any CPU
		{DEE94384-4EEA-4CB6-BC7E-9F35FB2F82A6}.Debug|Any CPU.ActiveCfg = Debug|Any CPU
		{DEE94384-4EEA-4CB6-BC7E-9F35FB2F82A6}.Debug|Any CPU.Build.0 = Debug|Any CPU
		{DEE94384-4EEA-4CB6-BC7E-9F35FB2F82A6}.Debug|ARM.ActiveCfg = Debug|Any CPU
		{DEE94384-4EEA-4CB6-BC7E-9F35FB2F82A6}.Debug|ARM.Build.0 = Debug|Any CPU
		{DEE94384-4EEA-4CB6-BC7E-9F35FB2F82A6}.Debug|iPhone.ActiveCfg = Debug|Any CPU
		{DEE94384-4EEA-4CB6-BC7E-9F35FB2F82A6}.Debug|iPhone.Build.0 = Debug|Any CPU
		{DEE94384-4EEA-4CB6-BC7E-9F35FB2F82A6}.Debug|iPhoneSimulator.ActiveCfg = Debug|Any CPU
		{DEE94384-4EEA-4CB6-BC7E-9F35FB2F82A6}.Debug|iPhoneSimulator.Build.0 = Debug|Any CPU
		{DEE94384-4EEA-4CB6-BC7E-9F35FB2F82A6}.Debug|x64.ActiveCfg = Debug|Any CPU
		{DEE94384-4EEA-4CB6-BC7E-9F35FB2F82A6}.Debug|x64.Build.0 = Debug|Any CPU
		{DEE94384-4EEA-4CB6-BC7E-9F35FB2F82A6}.Debug|x86.ActiveCfg = Debug|Any CPU
		{DEE94384-4EEA-4CB6-BC7E-9F35FB2F82A6}.Debug|x86.Build.0 = Debug|Any CPU
		{DEE94384-4EEA-4CB6-BC7E-9F35FB2F82A6}.Release|Any CPU.ActiveCfg = Release|Any CPU
		{DEE94384-4EEA-4CB6-BC7E-9F35FB2F82A6}.Release|Any CPU.Build.0 = Release|Any CPU
		{DEE94384-4EEA-4CB6-BC7E-9F35FB2F82A6}.Release|ARM.ActiveCfg = Release|Any CPU
		{DEE94384-4EEA-4CB6-BC7E-9F35FB2F82A6}.Release|ARM.Build.0 = Release|Any CPU
		{DEE94384-4EEA-4CB6-BC7E-9F35FB2F82A6}.Release|iPhone.ActiveCfg = Release|Any CPU
		{DEE94384-4EEA-4CB6-BC7E-9F35FB2F82A6}.Release|iPhone.Build.0 = Release|Any CPU
		{DEE94384-4EEA-4CB6-BC7E-9F35FB2F82A6}.Release|iPhoneSimulator.ActiveCfg = Release|Any CPU
		{DEE94384-4EEA-4CB6-BC7E-9F35FB2F82A6}.Release|iPhoneSimulator.Build.0 = Release|Any CPU
		{DEE94384-4EEA-4CB6-BC7E-9F35FB2F82A6}.Release|x64.ActiveCfg = Release|Any CPU
		{DEE94384-4EEA-4CB6-BC7E-9F35FB2F82A6}.Release|x64.Build.0 = Release|Any CPU
		{DEE94384-4EEA-4CB6-BC7E-9F35FB2F82A6}.Release|x86.ActiveCfg = Release|Any CPU
		{DEE94384-4EEA-4CB6-BC7E-9F35FB2F82A6}.Release|x86.Build.0 = Release|Any CPU
		{E5242406-0F18-41E1-A361-3FF55C5465D8}.Ad-Hoc|Any CPU.ActiveCfg = Release|x86
		{E5242406-0F18-41E1-A361-3FF55C5465D8}.Ad-Hoc|Any CPU.Build.0 = Release|x86
		{E5242406-0F18-41E1-A361-3FF55C5465D8}.Ad-Hoc|Any CPU.Deploy.0 = Release|x86
		{E5242406-0F18-41E1-A361-3FF55C5465D8}.Ad-Hoc|ARM.ActiveCfg = Release|ARM
		{E5242406-0F18-41E1-A361-3FF55C5465D8}.Ad-Hoc|ARM.Build.0 = Release|ARM
		{E5242406-0F18-41E1-A361-3FF55C5465D8}.Ad-Hoc|ARM.Deploy.0 = Release|ARM
		{E5242406-0F18-41E1-A361-3FF55C5465D8}.Ad-Hoc|iPhone.ActiveCfg = Release|x86
		{E5242406-0F18-41E1-A361-3FF55C5465D8}.Ad-Hoc|iPhone.Build.0 = Release|x86
		{E5242406-0F18-41E1-A361-3FF55C5465D8}.Ad-Hoc|iPhone.Deploy.0 = Release|x86
		{E5242406-0F18-41E1-A361-3FF55C5465D8}.Ad-Hoc|iPhoneSimulator.ActiveCfg = Release|x86
		{E5242406-0F18-41E1-A361-3FF55C5465D8}.Ad-Hoc|iPhoneSimulator.Build.0 = Release|x86
		{E5242406-0F18-41E1-A361-3FF55C5465D8}.Ad-Hoc|iPhoneSimulator.Deploy.0 = Release|x86
		{E5242406-0F18-41E1-A361-3FF55C5465D8}.Ad-Hoc|x64.ActiveCfg = Release|x64
		{E5242406-0F18-41E1-A361-3FF55C5465D8}.Ad-Hoc|x64.Build.0 = Release|x64
		{E5242406-0F18-41E1-A361-3FF55C5465D8}.Ad-Hoc|x64.Deploy.0 = Release|x64
		{E5242406-0F18-41E1-A361-3FF55C5465D8}.Ad-Hoc|x86.ActiveCfg = Release|x86
		{E5242406-0F18-41E1-A361-3FF55C5465D8}.Ad-Hoc|x86.Build.0 = Release|x86
		{E5242406-0F18-41E1-A361-3FF55C5465D8}.Ad-Hoc|x86.Deploy.0 = Release|x86
		{E5242406-0F18-41E1-A361-3FF55C5465D8}.AppStore|Any CPU.ActiveCfg = Release|x86
		{E5242406-0F18-41E1-A361-3FF55C5465D8}.AppStore|Any CPU.Build.0 = Release|x86
		{E5242406-0F18-41E1-A361-3FF55C5465D8}.AppStore|Any CPU.Deploy.0 = Release|x86
		{E5242406-0F18-41E1-A361-3FF55C5465D8}.AppStore|ARM.ActiveCfg = Release|ARM
		{E5242406-0F18-41E1-A361-3FF55C5465D8}.AppStore|ARM.Build.0 = Release|ARM
		{E5242406-0F18-41E1-A361-3FF55C5465D8}.AppStore|ARM.Deploy.0 = Release|ARM
		{E5242406-0F18-41E1-A361-3FF55C5465D8}.AppStore|iPhone.ActiveCfg = Release|x86
		{E5242406-0F18-41E1-A361-3FF55C5465D8}.AppStore|iPhone.Build.0 = Release|x86
		{E5242406-0F18-41E1-A361-3FF55C5465D8}.AppStore|iPhone.Deploy.0 = Release|x86
		{E5242406-0F18-41E1-A361-3FF55C5465D8}.AppStore|iPhoneSimulator.ActiveCfg = Release|x86
		{E5242406-0F18-41E1-A361-3FF55C5465D8}.AppStore|iPhoneSimulator.Build.0 = Release|x86
		{E5242406-0F18-41E1-A361-3FF55C5465D8}.AppStore|iPhoneSimulator.Deploy.0 = Release|x86
		{E5242406-0F18-41E1-A361-3FF55C5465D8}.AppStore|x64.ActiveCfg = Release|x64
		{E5242406-0F18-41E1-A361-3FF55C5465D8}.AppStore|x64.Build.0 = Release|x64
		{E5242406-0F18-41E1-A361-3FF55C5465D8}.AppStore|x64.Deploy.0 = Release|x64
		{E5242406-0F18-41E1-A361-3FF55C5465D8}.AppStore|x86.ActiveCfg = Release|x86
		{E5242406-0F18-41E1-A361-3FF55C5465D8}.AppStore|x86.Build.0 = Release|x86
		{E5242406-0F18-41E1-A361-3FF55C5465D8}.AppStore|x86.Deploy.0 = Release|x86
		{E5242406-0F18-41E1-A361-3FF55C5465D8}.Debug|Any CPU.ActiveCfg = Debug|x86
		{E5242406-0F18-41E1-A361-3FF55C5465D8}.Debug|ARM.ActiveCfg = Debug|ARM
		{E5242406-0F18-41E1-A361-3FF55C5465D8}.Debug|ARM.Build.0 = Debug|ARM
		{E5242406-0F18-41E1-A361-3FF55C5465D8}.Debug|ARM.Deploy.0 = Debug|ARM
		{E5242406-0F18-41E1-A361-3FF55C5465D8}.Debug|iPhone.ActiveCfg = Debug|x86
		{E5242406-0F18-41E1-A361-3FF55C5465D8}.Debug|iPhoneSimulator.ActiveCfg = Debug|x86
		{E5242406-0F18-41E1-A361-3FF55C5465D8}.Debug|x64.ActiveCfg = Debug|x64
		{E5242406-0F18-41E1-A361-3FF55C5465D8}.Debug|x64.Build.0 = Debug|x64
		{E5242406-0F18-41E1-A361-3FF55C5465D8}.Debug|x64.Deploy.0 = Debug|x64
		{E5242406-0F18-41E1-A361-3FF55C5465D8}.Debug|x86.ActiveCfg = Debug|x86
		{E5242406-0F18-41E1-A361-3FF55C5465D8}.Debug|x86.Build.0 = Debug|x86
		{E5242406-0F18-41E1-A361-3FF55C5465D8}.Debug|x86.Deploy.0 = Debug|x86
		{E5242406-0F18-41E1-A361-3FF55C5465D8}.Release|Any CPU.ActiveCfg = Release|x86
		{E5242406-0F18-41E1-A361-3FF55C5465D8}.Release|ARM.ActiveCfg = Release|ARM
		{E5242406-0F18-41E1-A361-3FF55C5465D8}.Release|ARM.Build.0 = Release|ARM
		{E5242406-0F18-41E1-A361-3FF55C5465D8}.Release|ARM.Deploy.0 = Release|ARM
		{E5242406-0F18-41E1-A361-3FF55C5465D8}.Release|iPhone.ActiveCfg = Release|x86
		{E5242406-0F18-41E1-A361-3FF55C5465D8}.Release|iPhoneSimulator.ActiveCfg = Release|x86
		{E5242406-0F18-41E1-A361-3FF55C5465D8}.Release|x64.ActiveCfg = Release|x64
		{E5242406-0F18-41E1-A361-3FF55C5465D8}.Release|x64.Build.0 = Release|x64
		{E5242406-0F18-41E1-A361-3FF55C5465D8}.Release|x64.Deploy.0 = Release|x64
		{E5242406-0F18-41E1-A361-3FF55C5465D8}.Release|x86.ActiveCfg = Release|x86
		{E5242406-0F18-41E1-A361-3FF55C5465D8}.Release|x86.Build.0 = Release|x86
		{E5242406-0F18-41E1-A361-3FF55C5465D8}.Release|x86.Deploy.0 = Release|x86
		{AE71CBD1-7847-457E-BFB3-7FE65AE764A3}.Ad-Hoc|Any CPU.ActiveCfg = Ad-Hoc|iPhone
		{AE71CBD1-7847-457E-BFB3-7FE65AE764A3}.Ad-Hoc|ARM.ActiveCfg = Ad-Hoc|iPhone
		{AE71CBD1-7847-457E-BFB3-7FE65AE764A3}.Ad-Hoc|iPhone.ActiveCfg = Ad-Hoc|iPhone
		{AE71CBD1-7847-457E-BFB3-7FE65AE764A3}.Ad-Hoc|iPhone.Build.0 = Ad-Hoc|iPhone
		{AE71CBD1-7847-457E-BFB3-7FE65AE764A3}.Ad-Hoc|iPhoneSimulator.ActiveCfg = Ad-Hoc|iPhoneSimulator
		{AE71CBD1-7847-457E-BFB3-7FE65AE764A3}.Ad-Hoc|iPhoneSimulator.Build.0 = Ad-Hoc|iPhoneSimulator
		{AE71CBD1-7847-457E-BFB3-7FE65AE764A3}.Ad-Hoc|x64.ActiveCfg = Ad-Hoc|iPhone
		{AE71CBD1-7847-457E-BFB3-7FE65AE764A3}.Ad-Hoc|x86.ActiveCfg = Ad-Hoc|iPhone
		{AE71CBD1-7847-457E-BFB3-7FE65AE764A3}.AppStore|Any CPU.ActiveCfg = AppStore|iPhone
		{AE71CBD1-7847-457E-BFB3-7FE65AE764A3}.AppStore|ARM.ActiveCfg = AppStore|iPhone
		{AE71CBD1-7847-457E-BFB3-7FE65AE764A3}.AppStore|iPhone.ActiveCfg = AppStore|iPhone
		{AE71CBD1-7847-457E-BFB3-7FE65AE764A3}.AppStore|iPhone.Build.0 = AppStore|iPhone
		{AE71CBD1-7847-457E-BFB3-7FE65AE764A3}.AppStore|iPhoneSimulator.ActiveCfg = AppStore|iPhoneSimulator
		{AE71CBD1-7847-457E-BFB3-7FE65AE764A3}.AppStore|iPhoneSimulator.Build.0 = AppStore|iPhoneSimulator
		{AE71CBD1-7847-457E-BFB3-7FE65AE764A3}.AppStore|x64.ActiveCfg = AppStore|iPhone
		{AE71CBD1-7847-457E-BFB3-7FE65AE764A3}.AppStore|x86.ActiveCfg = AppStore|iPhone
		{AE71CBD1-7847-457E-BFB3-7FE65AE764A3}.Debug|Any CPU.ActiveCfg = Debug|iPhone
		{AE71CBD1-7847-457E-BFB3-7FE65AE764A3}.Debug|ARM.ActiveCfg = Debug|iPhone
		{AE71CBD1-7847-457E-BFB3-7FE65AE764A3}.Debug|iPhone.ActiveCfg = Debug|iPhone
		{AE71CBD1-7847-457E-BFB3-7FE65AE764A3}.Debug|iPhone.Build.0 = Debug|iPhone
		{AE71CBD1-7847-457E-BFB3-7FE65AE764A3}.Debug|iPhoneSimulator.ActiveCfg = Debug|iPhoneSimulator
		{AE71CBD1-7847-457E-BFB3-7FE65AE764A3}.Debug|iPhoneSimulator.Build.0 = Debug|iPhoneSimulator
		{AE71CBD1-7847-457E-BFB3-7FE65AE764A3}.Debug|x64.ActiveCfg = Debug|iPhone
		{AE71CBD1-7847-457E-BFB3-7FE65AE764A3}.Debug|x86.ActiveCfg = Debug|iPhone
		{AE71CBD1-7847-457E-BFB3-7FE65AE764A3}.Release|Any CPU.ActiveCfg = Release|iPhone
		{AE71CBD1-7847-457E-BFB3-7FE65AE764A3}.Release|ARM.ActiveCfg = Release|iPhone
		{AE71CBD1-7847-457E-BFB3-7FE65AE764A3}.Release|iPhone.ActiveCfg = Release|iPhone
		{AE71CBD1-7847-457E-BFB3-7FE65AE764A3}.Release|iPhone.Build.0 = Release|iPhone
		{AE71CBD1-7847-457E-BFB3-7FE65AE764A3}.Release|iPhoneSimulator.ActiveCfg = Release|iPhoneSimulator
		{AE71CBD1-7847-457E-BFB3-7FE65AE764A3}.Release|iPhoneSimulator.Build.0 = Release|iPhoneSimulator
		{AE71CBD1-7847-457E-BFB3-7FE65AE764A3}.Release|x64.ActiveCfg = Release|iPhone
		{AE71CBD1-7847-457E-BFB3-7FE65AE764A3}.Release|x86.ActiveCfg = Release|iPhone
	EndGlobalSection
	GlobalSection(SolutionProperties) = preSolution
		HideSolutionNode = FALSE
	EndGlobalSection
EndGlobal
